
Microsoft Visual Studio Solution File, Format Version 12.00
# Visual Studio Version 17
VisualStudioVersion = 17.0.31903.59
MinimumVisualStudioVersion = 10.0.40219.1
Project("{2150E333-8FDC-42A3-9474-1A3956D46DE8}") = "src", "src", "{827E0CD3-B72D-47B6-A68D-7590B98EB39B}"
EndProject
Project("{2150E333-8FDC-42A3-9474-1A3956D46DE8}") = "server", "server", "{E6B48023-E680-40DA-9E17-319585C26937}"
EndProject
Project("{FAE04EC0-301F-11D3-BF4B-00C04F79EFBC}") = "Shop.Domain", "src\server\Shop.Domain\Shop.Domain.csproj", "{F465C7C1-0363-4805-AC36-C4B883EE8829}"
EndProject
Project("{2150E333-8FDC-42A3-9474-1A3956D46DE8}") = "tests", "tests", "{0AB3BF05-4346-4AA6-1389-037BE0695223}"
EndProject
Project("{2150E333-8FDC-42A3-9474-1A3956D46DE8}") = "Unit", "Unit", "{C62EED4C-2AC9-F50F-E0BC-649CFEA98BDB}"
EndProject
Project("{FAE04EC0-301F-11D3-BF4B-00C04F79EFBC}") = "Shop.Domain.Tests", "tests\Backend\Shop.Domain.Tests\Shop.Domain.Tests.csproj", "{FF37BCE3-EB7A-48F7-B6E5-6E799858204D}"
EndProject
Project("{FAE04EC0-301F-11D3-BF4B-00C04F79EFBC}") = "Shop.Application", "src\server\Shop.Application\Shop.Application.csproj", "{C81A9CA9-797F-47A5-B899-58394685DBDD}"
EndProject
Project("{FAE04EC0-301F-11D3-BF4B-00C04F79EFBC}") = "Shop.Application.Tests", "tests\Backend\Shop.Application.Tests\Shop.Application.Tests.csproj", "{7BF7142A-1B43-4F95-8BD1-B3AAA4DD7675}"
EndProject
Project("{FAE04EC0-301F-11D3-BF4B-00C04F79EFBC}") = "Shop.Infrastructure", "src\server\Shop.Infrastructure\Shop.Infrastructure.csproj", "{D19F6176-348C-437D-8871-FACE331446D1}"
EndProject
Project("{FAE04EC0-301F-11D3-BF4B-00C04F79EFBC}") = "Shop.Api", "src\server\Shop.Api\Shop.Api.csproj", "{6949C524-2E77-4904-8D3C-56D6DF920415}"
EndProject
Project("{FAE04EC0-301F-11D3-BF4B-00C04F79EFBC}") = "Shop.Api.Tests", "tests\Backend\shop.Api.Tests\Shop.Api.Tests.csproj", "{A7482AC7-DF4D-4995-B793-81244996F4C8}"
EndProject
Project("{2150E333-8FDC-42A3-9474-1A3956D46DE8}") = "Solution Items", "Solution Items", "{02EA681E-C7D8-13C7-8484-4AC65E1B71E8}"
	ProjectSection(SolutionItems) = preProject
		Directory.Packages.props = Directory.Packages.props
	EndProjectSection
EndProject
Project("{2150E333-8FDC-42A3-9474-1A3956D46DE8}") = "Integration", "Integration", "{D0AE921E-6CAB-4CB4-AF33-F88987194BB5}"
EndProject
Project("{FAE04EC0-301F-11D3-BF4B-00C04F79EFBC}") = "Shop.Integration.Tests", "Shop.Integration.Tests\Shop.Integration.Tests.csproj", "{9B12DE02-7B39-4EB8-8511-D83BC7A63FF2}"
EndProject
Global
	GlobalSection(SolutionConfigurationPlatforms) = preSolution
		Debug|Any CPU = Debug|Any CPU
		Debug|x64 = Debug|x64
		Debug|x86 = Debug|x86
		Release|Any CPU = Release|Any CPU
		Release|x64 = Release|x64
		Release|x86 = Release|x86
	EndGlobalSection
	GlobalSection(ProjectConfigurationPlatforms) = postSolution
		{F465C7C1-0363-4805-AC36-C4B883EE8829}.Debug|Any CPU.ActiveCfg = Debug|Any CPU
		{F465C7C1-0363-4805-AC36-C4B883EE8829}.Debug|Any CPU.Build.0 = Debug|Any CPU
		{F465C7C1-0363-4805-AC36-C4B883EE8829}.Debug|x64.ActiveCfg = Debug|Any CPU
		{F465C7C1-0363-4805-AC36-C4B883EE8829}.Debug|x64.Build.0 = Debug|Any CPU
		{F465C7C1-0363-4805-AC36-C4B883EE8829}.Debug|x86.ActiveCfg = Debug|Any CPU
		{F465C7C1-0363-4805-AC36-C4B883EE8829}.Debug|x86.Build.0 = Debug|Any CPU
		{F465C7C1-0363-4805-AC36-C4B883EE8829}.Release|Any CPU.ActiveCfg = Release|Any CPU
		{F465C7C1-0363-4805-AC36-C4B883EE8829}.Release|Any CPU.Build.0 = Release|Any CPU
		{F465C7C1-0363-4805-AC36-C4B883EE8829}.Release|x64.ActiveCfg = Release|Any CPU
		{F465C7C1-0363-4805-AC36-C4B883EE8829}.Release|x64.Build.0 = Release|Any CPU
		{F465C7C1-0363-4805-AC36-C4B883EE8829}.Release|x86.ActiveCfg = Release|Any CPU
		{F465C7C1-0363-4805-AC36-C4B883EE8829}.Release|x86.Build.0 = Release|Any CPU
		{FF37BCE3-EB7A-48F7-B6E5-6E799858204D}.Debug|Any CPU.ActiveCfg = Debug|Any CPU
		{FF37BCE3-EB7A-48F7-B6E5-6E799858204D}.Debug|Any CPU.Build.0 = Debug|Any CPU
		{FF37BCE3-EB7A-48F7-B6E5-6E799858204D}.Debug|x64.ActiveCfg = Debug|Any CPU
		{FF37BCE3-EB7A-48F7-B6E5-6E799858204D}.Debug|x64.Build.0 = Debug|Any CPU
		{FF37BCE3-EB7A-48F7-B6E5-6E799858204D}.Debug|x86.ActiveCfg = Debug|Any CPU
		{FF37BCE3-EB7A-48F7-B6E5-6E799858204D}.Debug|x86.Build.0 = Debug|Any CPU
		{FF37BCE3-EB7A-48F7-B6E5-6E799858204D}.Release|Any CPU.ActiveCfg = Release|Any CPU
		{FF37BCE3-EB7A-48F7-B6E5-6E799858204D}.Release|Any CPU.Build.0 = Release|Any CPU
		{FF37BCE3-EB7A-48F7-B6E5-6E799858204D}.Release|x64.ActiveCfg = Release|Any CPU
		{FF37BCE3-EB7A-48F7-B6E5-6E799858204D}.Release|x64.Build.0 = Release|Any CPU
		{FF37BCE3-EB7A-48F7-B6E5-6E799858204D}.Release|x86.ActiveCfg = Release|Any CPU
		{FF37BCE3-EB7A-48F7-B6E5-6E799858204D}.Release|x86.Build.0 = Release|Any CPU
		{C81A9CA9-797F-47A5-B899-58394685DBDD}.Debug|Any CPU.ActiveCfg = Debug|Any CPU
		{C81A9CA9-797F-47A5-B899-58394685DBDD}.Debug|Any CPU.Build.0 = Debug|Any CPU
		{C81A9CA9-797F-47A5-B899-58394685DBDD}.Debug|x64.ActiveCfg = Debug|Any CPU
		{C81A9CA9-797F-47A5-B899-58394685DBDD}.Debug|x64.Build.0 = Debug|Any CPU
		{C81A9CA9-797F-47A5-B899-58394685DBDD}.Debug|x86.ActiveCfg = Debug|Any CPU
		{C81A9CA9-797F-47A5-B899-58394685DBDD}.Debug|x86.Build.0 = Debug|Any CPU
		{C81A9CA9-797F-47A5-B899-58394685DBDD}.Release|Any CPU.ActiveCfg = Release|Any CPU
		{C81A9CA9-797F-47A5-B899-58394685DBDD}.Release|Any CPU.Build.0 = Release|Any CPU
		{C81A9CA9-797F-47A5-B899-58394685DBDD}.Release|x64.ActiveCfg = Release|Any CPU
		{C81A9CA9-797F-47A5-B899-58394685DBDD}.Release|x64.Build.0 = Release|Any CPU
		{C81A9CA9-797F-47A5-B899-58394685DBDD}.Release|x86.ActiveCfg = Release|Any CPU
		{C81A9CA9-797F-47A5-B899-58394685DBDD}.Release|x86.Build.0 = Release|Any CPU
		{7BF7142A-1B43-4F95-8BD1-B3AAA4DD7675}.Debug|Any CPU.ActiveCfg = Debug|Any CPU
		{7BF7142A-1B43-4F95-8BD1-B3AAA4DD7675}.Debug|Any CPU.Build.0 = Debug|Any CPU
		{7BF7142A-1B43-4F95-8BD1-B3AAA4DD7675}.Debug|x64.ActiveCfg = Debug|Any CPU
		{7BF7142A-1B43-4F95-8BD1-B3AAA4DD7675}.Debug|x64.Build.0 = Debug|Any CPU
		{7BF7142A-1B43-4F95-8BD1-B3AAA4DD7675}.Debug|x86.ActiveCfg = Debug|Any CPU
		{7BF7142A-1B43-4F95-8BD1-B3AAA4DD7675}.Debug|x86.Build.0 = Debug|Any CPU
		{7BF7142A-1B43-4F95-8BD1-B3AAA4DD7675}.Release|Any CPU.ActiveCfg = Release|Any CPU
		{7BF7142A-1B43-4F95-8BD1-B3AAA4DD7675}.Release|Any CPU.Build.0 = Release|Any CPU
		{7BF7142A-1B43-4F95-8BD1-B3AAA4DD7675}.Release|x64.ActiveCfg = Release|Any CPU
		{7BF7142A-1B43-4F95-8BD1-B3AAA4DD7675}.Release|x64.Build.0 = Release|Any CPU
		{7BF7142A-1B43-4F95-8BD1-B3AAA4DD7675}.Release|x86.ActiveCfg = Release|Any CPU
		{7BF7142A-1B43-4F95-8BD1-B3AAA4DD7675}.Release|x86.Build.0 = Release|Any CPU
		{D19F6176-348C-437D-8871-FACE331446D1}.Debug|Any CPU.ActiveCfg = Debug|Any CPU
		{D19F6176-348C-437D-8871-FACE331446D1}.Debug|Any CPU.Build.0 = Debug|Any CPU
		{D19F6176-348C-437D-8871-FACE331446D1}.Debug|x64.ActiveCfg = Debug|Any CPU
		{D19F6176-348C-437D-8871-FACE331446D1}.Debug|x64.Build.0 = Debug|Any CPU
		{D19F6176-348C-437D-8871-FACE331446D1}.Debug|x86.ActiveCfg = Debug|Any CPU
		{D19F6176-348C-437D-8871-FACE331446D1}.Debug|x86.Build.0 = Debug|Any CPU
		{D19F6176-348C-437D-8871-FACE331446D1}.Release|Any CPU.ActiveCfg = Release|Any CPU
		{D19F6176-348C-437D-8871-FACE331446D1}.Release|Any CPU.Build.0 = Release|Any CPU
		{D19F6176-348C-437D-8871-FACE331446D1}.Release|x64.ActiveCfg = Release|Any CPU
		{D19F6176-348C-437D-8871-FACE331446D1}.Release|x64.Build.0 = Release|Any CPU
		{D19F6176-348C-437D-8871-FACE331446D1}.Release|x86.ActiveCfg = Release|Any CPU
		{D19F6176-348C-437D-8871-FACE331446D1}.Release|x86.Build.0 = Release|Any CPU
		{6949C524-2E77-4904-8D3C-56D6DF920415}.Debug|Any CPU.ActiveCfg = Debug|Any CPU
		{6949C524-2E77-4904-8D3C-56D6DF920415}.Debug|Any CPU.Build.0 = Debug|Any CPU
		{6949C524-2E77-4904-8D3C-56D6DF920415}.Debug|x64.ActiveCfg = Debug|Any CPU
		{6949C524-2E77-4904-8D3C-56D6DF920415}.Debug|x64.Build.0 = Debug|Any CPU
		{6949C524-2E77-4904-8D3C-56D6DF920415}.Debug|x86.ActiveCfg = Debug|Any CPU
		{6949C524-2E77-4904-8D3C-56D6DF920415}.Debug|x86.Build.0 = Debug|Any CPU
		{6949C524-2E77-4904-8D3C-56D6DF920415}.Release|Any CPU.ActiveCfg = Release|Any CPU
		{6949C524-2E77-4904-8D3C-56D6DF920415}.Release|Any CPU.Build.0 = Release|Any CPU
		{6949C524-2E77-4904-8D3C-56D6DF920415}.Release|x64.ActiveCfg = Release|Any CPU
		{6949C524-2E77-4904-8D3C-56D6DF920415}.Release|x64.Build.0 = Release|Any CPU
		{6949C524-2E77-4904-8D3C-56D6DF920415}.Release|x86.ActiveCfg = Release|Any CPU
		{6949C524-2E77-4904-8D3C-56D6DF920415}.Release|x86.Build.0 = Release|Any CPU
		{A7482AC7-DF4D-4995-B793-81244996F4C8}.Debug|Any CPU.ActiveCfg = Debug|Any CPU
		{A7482AC7-DF4D-4995-B793-81244996F4C8}.Debug|Any CPU.Build.0 = Debug|Any CPU
		{A7482AC7-DF4D-4995-B793-81244996F4C8}.Debug|x64.ActiveCfg = Debug|Any CPU
		{A7482AC7-DF4D-4995-B793-81244996F4C8}.Debug|x64.Build.0 = Debug|Any CPU
		{A7482AC7-DF4D-4995-B793-81244996F4C8}.Debug|x86.ActiveCfg = Debug|Any CPU
		{A7482AC7-DF4D-4995-B793-81244996F4C8}.Debug|x86.Build.0 = Debug|Any CPU
		{A7482AC7-DF4D-4995-B793-81244996F4C8}.Release|Any CPU.ActiveCfg = Release|Any CPU
		{A7482AC7-DF4D-4995-B793-81244996F4C8}.Release|Any CPU.Build.0 = Release|Any CPU
		{A7482AC7-DF4D-4995-B793-81244996F4C8}.Release|x64.ActiveCfg = Release|Any CPU
		{A7482AC7-DF4D-4995-B793-81244996F4C8}.Release|x64.Build.0 = Release|Any CPU
		{A7482AC7-DF4D-4995-B793-81244996F4C8}.Release|x86.ActiveCfg = Release|Any CPU
		{A7482AC7-DF4D-4995-B793-81244996F4C8}.Release|x86.Build.0 = Release|Any CPU
		{9B12DE02-7B39-4EB8-8511-D83BC7A63FF2}.Debug|Any CPU.ActiveCfg = Debug|Any CPU
		{9B12DE02-7B39-4EB8-8511-D83BC7A63FF2}.Debug|Any CPU.Build.0 = Debug|Any CPU
		{9B12DE02-7B39-4EB8-8511-D83BC7A63FF2}.Debug|x64.ActiveCfg = Debug|Any CPU
		{9B12DE02-7B39-4EB8-8511-D83BC7A63FF2}.Debug|x64.Build.0 = Debug|Any CPU
		{9B12DE02-7B39-4EB8-8511-D83BC7A63FF2}.Debug|x86.ActiveCfg = Debug|Any CPU
		{9B12DE02-7B39-4EB8-8511-D83BC7A63FF2}.Debug|x86.Build.0 = Debug|Any CPU
		{9B12DE02-7B39-4EB8-8511-D83BC7A63FF2}.Release|Any CPU.ActiveCfg = Release|Any CPU
		{9B12DE02-7B39-4EB8-8511-D83BC7A63FF2}.Release|Any CPU.Build.0 = Release|Any CPU
		{9B12DE02-7B39-4EB8-8511-D83BC7A63FF2}.Release|x64.ActiveCfg = Release|Any CPU
		{9B12DE02-7B39-4EB8-8511-D83BC7A63FF2}.Release|x64.Build.0 = Release|Any CPU
		{9B12DE02-7B39-4EB8-8511-D83BC7A63FF2}.Release|x86.ActiveCfg = Release|Any CPU
		{9B12DE02-7B39-4EB8-8511-D83BC7A63FF2}.Release|x86.Build.0 = Release|Any CPU
	EndGlobalSection
	GlobalSection(SolutionProperties) = preSolution
		HideSolutionNode = FALSE
	EndGlobalSection
	GlobalSection(NestedProjects) = preSolution
		{E6B48023-E680-40DA-9E17-319585C26937} = {827E0CD3-B72D-47B6-A68D-7590B98EB39B}
		{F465C7C1-0363-4805-AC36-C4B883EE8829} = {E6B48023-E680-40DA-9E17-319585C26937}
		{C62EED4C-2AC9-F50F-E0BC-649CFEA98BDB} = {0AB3BF05-4346-4AA6-1389-037BE0695223}
		{FF37BCE3-EB7A-48F7-B6E5-6E799858204D} = {C62EED4C-2AC9-F50F-E0BC-649CFEA98BDB}
		{C81A9CA9-797F-47A5-B899-58394685DBDD} = {E6B48023-E680-40DA-9E17-319585C26937}
		{7BF7142A-1B43-4F95-8BD1-B3AAA4DD7675} = {C62EED4C-2AC9-F50F-E0BC-649CFEA98BDB}
		{D19F6176-348C-437D-8871-FACE331446D1} = {E6B48023-E680-40DA-9E17-319585C26937}
		{6949C524-2E77-4904-8D3C-56D6DF920415} = {E6B48023-E680-40DA-9E17-319585C26937}
		{A7482AC7-DF4D-4995-B793-81244996F4C8} = {C62EED4C-2AC9-F50F-E0BC-649CFEA98BDB}
		{D0AE921E-6CAB-4CB4-AF33-F88987194BB5} = {0AB3BF05-4346-4AA6-1389-037BE0695223}
		{9B12DE02-7B39-4EB8-8511-D83BC7A63FF2} = {D0AE921E-6CAB-4CB4-AF33-F88987194BB5}
	EndGlobalSection
	GlobalSection(ExtensibilityGlobals) = postSolution
		SolutionGuid = {E11AE699-653B-4B82-B6D3-00FFE56B8F34}
	EndGlobalSection
EndGlobal
